{
  "name": "control-tower",
  "version": "0.1.0",
  "lockfileVersion": 3,
  "requires": true,
  "packages": {
    "": {
      "name": "control-tower",
      "version": "0.1.0",
      "license": "MIT",
      "dependencies": {
        "workflow-lens": "file:../workflow-lens"
      },
      "bin": {
        "control-tower": "server.mjs"
      },
      "engines": {
        "node": ">=20"
      }
    },
    "../workflow-lens": {
      "version": "0.1.0",
      "license": "MIT",
      "dependencies": {
        "acorn": "^8.17.0"
      },
      "bin": {
        "workflow-lens": "bin/workflow-lens.mjs"
      },
      "engines": {
        "node": ">=20"
      }
    },
    "node_modules/workflow-lens": {
      "resolved": "../workflow-lens",
      "link": true
    }
  }
}
